
Microsoft Visual Studio Solution File, Format Version 12.00
# Visual Studio Version 17
VisualStudioVersion = 17.11.35303.130
MinimumVisualStudioVersion = 10.0.40219.1
Project("{2150E333-8FDC-42A3-9474-1A3956D46DE8}") = "Task0", "Task0", "{73866B3F-C886-4EC1-ACB8-DC724FDE3B56}"
EndProject
Project("{FAE04EC0-301F-11D3-BF4B-00C04F79EFBC}") = "Tyuiu.ShakirovaGM.Sprint2.Task0.V12", "Tyuiu.ShakirovaGM.Sprint2.Task0.V12\Tyuiu.ShakirovaGM.Sprint2.Task0.V12.csproj", "{C656BE29-3992-4160-97EA-AB0D5492DBDF}"
EndProject
Project("{FAE04EC0-301F-11D3-BF4B-00C04F79EFBC}") = "Tyuiu.ShakirovaGM.Sprint2.Task0.V12.Lib", "Tyuiu.ShakirovaGM.Sprint2.Task0.V12.Lib\Tyuiu.ShakirovaGM.Sprint2.Task0.V12.Lib.csproj", "{23D7C410-F014-44F6-BB70-1549B2BC5677}"
EndProject
Project("{FAE04EC0-301F-11D3-BF4B-00C04F79EFBC}") = "Tyuiu.ShakirovaGM.Sprint2.Task0.V12.Test", "Tyuiu.ShakirovaGM.Sprint2.Task0.V12.Test\Tyuiu.ShakirovaGM.Sprint2.Task0.V12.Test.csproj", "{069743F8-28F3-4772-BB76-45B4E1A8A00C}"
EndProject
Global
	GlobalSection(SolutionConfigurationPlatforms) = preSolution
		Debug|Any CPU = Debug|Any CPU
		Release|Any CPU = Release|Any CPU
	EndGlobalSection
	GlobalSection(ProjectConfigurationPlatforms) = postSolution
		{C656BE29-3992-4160-97EA-AB0D5492DBDF}.Debug|Any CPU.ActiveCfg = Debug|Any CPU
		{C656BE29-3992-4160-97EA-AB0D5492DBDF}.Debug|Any CPU.Build.0 = Debug|Any CPU
		{C656BE29-3992-4160-97EA-AB0D5492DBDF}.Release|Any CPU.ActiveCfg = Release|Any CPU
		{C656BE29-3992-4160-97EA-AB0D5492DBDF}.Release|Any CPU.Build.0 = Release|Any CPU
		{23D7C410-F014-44F6-BB70-1549B2BC5677}.Debug|Any CPU.ActiveCfg = Debug|Any CPU
		{23D7C410-F014-44F6-BB70-1549B2BC5677}.Debug|Any CPU.Build.0 = Debug|Any CPU
		{23D7C410-F014-44F6-BB70-1549B2BC5677}.Release|Any CPU.ActiveCfg = Release|Any CPU
		{23D7C410-F014-44F6-BB70-1549B2BC5677}.Release|Any CPU.Build.0 = Release|Any CPU
		{069743F8-28F3-4772-BB76-45B4E1A8A00C}.Debug|Any CPU.ActiveCfg = Debug|Any CPU
		{069743F8-28F3-4772-BB76-45B4E1A8A00C}.Debug|Any CPU.Build.0 = Debug|Any CPU
		{069743F8-28F3-4772-BB76-45B4E1A8A00C}.Release|Any CPU.ActiveCfg = Release|Any CPU
		{069743F8-28F3-4772-BB76-45B4E1A8A00C}.Release|Any CPU.Build.0 = Release|Any CPU
	EndGlobalSection
	GlobalSection(SolutionProperties) = preSolution
		HideSolutionNode = FALSE
	EndGlobalSection
	GlobalSection(NestedProjects) = preSolution
		{C656BE29-3992-4160-97EA-AB0D5492DBDF} = {73866B3F-C886-4EC1-ACB8-DC724FDE3B56}
		{23D7C410-F014-44F6-BB70-1549B2BC5677} = {73866B3F-C886-4EC1-ACB8-DC724FDE3B56}
		{069743F8-28F3-4772-BB76-45B4E1A8A00C} = {73866B3F-C886-4EC1-ACB8-DC724FDE3B56}
	EndGlobalSection
	GlobalSection(ExtensibilityGlobals) = postSolution
		SolutionGuid = {30A15949-7368-4C9F-85C1-E4ECE741E980}
	EndGlobalSection
EndGlobal
