
Microsoft Visual Studio Solution File, Format Version 12.00
# Visual Studio Version 17
VisualStudioVersion = 17.11.35303.130
MinimumVisualStudioVersion = 10.0.40219.1
Project("{2150E333-8FDC-42A3-9474-1A3956D46DE8}") = "Task0", "Task0", "{73866B3F-C886-4EC1-ACB8-DC724FDE3B56}"
EndProject
Project("{9A19103F-16F7-4668-BE54-9A1E7A4F7556}") = "Tyuiu.ShakirovaGM.Sprint2.Task0.V12", "Tyuiu.ShakirovaGM.Sprint2.Task0.V12\Tyuiu.ShakirovaGM.Sprint2.Task0.V12.csproj", "{C656BE29-3992-4160-97EA-AB0D5492DBDF}"
EndProject
Project("{9A19103F-16F7-4668-BE54-9A1E7A4F7556}") = "Tyuiu.ShakirovaGM.Sprint2.Task0.V12.Lib", "Tyuiu.ShakirovaGM.Sprint2.Task0.V12.Lib\Tyuiu.ShakirovaGM.Sprint2.Task0.V12.Lib.csproj", "{23D7C410-F014-44F6-BB70-1549B2BC5677}"
EndProject
Project("{9A19103F-16F7-4668-BE54-9A1E7A4F7556}") = "Tyuiu.ShakirovaGM.Sprint2.Task0.V12.Test", "Tyuiu.ShakirovaGM.Sprint2.Task0.V12.Test\Tyuiu.ShakirovaGM.Sprint2.Task0.V12.Test.csproj", "{069743F8-28F3-4772-BB76-45B4E1A8A00C}"
EndProject
Project("{2150E333-8FDC-42A3-9474-1A3956D46DE8}") = "Task1", "Task1", "{D163B201-F4C8-4E92-9588-7BD7EB178542}"
EndProject
Project("{9A19103F-16F7-4668-BE54-9A1E7A4F7556}") = "Tyuiu.ShakirovaGM.Sprint2.Task1.V27", "Tyuiu.ShakirovaGM.Sprint2.Task1.V27\Tyuiu.ShakirovaGM.Sprint2.Task1.V27.csproj", "{608CC21C-D451-4077-87FC-71E3AA7EDC58}"
EndProject
Project("{9A19103F-16F7-4668-BE54-9A1E7A4F7556}") = "Tyuiu.ShakirovaGM.Sprint2.Task1.V27.Test", "Tyuiu.ShakirovaGM.Sprint2.Task1.V27.Test\Tyuiu.ShakirovaGM.Sprint2.Task1.V27.Test.csproj", "{AB5CDBB0-528D-4095-8FAB-1154E2BC41BE}"
EndProject
Project("{9A19103F-16F7-4668-BE54-9A1E7A4F7556}") = "Tyuiu.ShakirovaGM.Sprint2.Task1.V27.Lib", "Tyuiu.ShakirovaGM.Sprint2.Task1.V27.Lib\Tyuiu.ShakirovaGM.Sprint2.Task1.V27.Lib.csproj", "{0BC48B35-F652-4C4C-8ABF-1E9B68882FCA}"
EndProject
Project("{2150E333-8FDC-42A3-9474-1A3956D46DE8}") = "Task2", "Task2", "{70F9B74B-ABD4-4683-B0B0-1C6723827BB6}"
EndProject
Project("{9A19103F-16F7-4668-BE54-9A1E7A4F7556}") = "Tyuiu.ShakirovaGM.Sprint2.Task2.V18", "Tyuiu.ShakirovaGM.Sprint2.Task2.V18\Tyuiu.ShakirovaGM.Sprint2.Task2.V18.csproj", "{69706C9E-49FB-4DE5-A51A-FD32C250A3EE}"
EndProject
Project("{9A19103F-16F7-4668-BE54-9A1E7A4F7556}") = "Tyuiu.ShakirovaGM.Sprint2.Task2.V18.Lib", "Tyuiu.ShakirovaGM.Sprint2.Task2.V18.Lib\Tyuiu.ShakirovaGM.Sprint2.Task2.V18.Lib.csproj", "{20B4F771-5265-453A-8389-93AA464C842E}"
EndProject
Project("{9A19103F-16F7-4668-BE54-9A1E7A4F7556}") = "Tyuiu.ShakirovaGM.Sprint2.Task2.V18.Test", "Tyuiu.ShakirovaGM.Sprint2.Task2.V18.Test\Tyuiu.ShakirovaGM.Sprint2.Task2.V18.Test.csproj", "{B2936C9F-9732-49C8-9F9F-7F343F1EC537}"
EndProject
Project("{2150E333-8FDC-42A3-9474-1A3956D46DE8}") = "Task3", "Task3", "{A1D95529-623F-4438-8A32-68DE6223DDEA}"
EndProject
Project("{9A19103F-16F7-4668-BE54-9A1E7A4F7556}") = "Tyuiu.ShakirovaGM.Sprint2.Task3.V18", "Tyuiu.ShakirovaGM.Sprint2.Task3.V18\Tyuiu.ShakirovaGM.Sprint2.Task3.V18.csproj", "{92F1397E-12D4-49CA-B460-D0F3F3152413}"
EndProject
Project("{9A19103F-16F7-4668-BE54-9A1E7A4F7556}") = "Tyuiu.ShakirovaGM.Sprint2.Task3.V18.Lib", "Tyuiu.ShakirovaGM.Sprint2.Task3.V18.Lib\Tyuiu.ShakirovaGM.Sprint2.Task3.V18.Lib.csproj", "{1083DD37-D45E-4FD3-B282-A46EA7E2BE07}"
EndProject
Project("{9A19103F-16F7-4668-BE54-9A1E7A4F7556}") = "Tyuiu.ShakirovaGM.Sprint2.Task3.V18.Test", "Tyuiu.ShakirovaGM.Sprint2.Task3.V18.Test\Tyuiu.ShakirovaGM.Sprint2.Task3.V18.Test.csproj", "{B9395F76-7D35-4594-BEF1-260F43ED721A}"
EndProject
Project("{2150E333-8FDC-42A3-9474-1A3956D46DE8}") = "Task4", "Task4", "{93BFCDCD-4072-4334-B31E-FF50942CD118}"
EndProject
Project("{FAE04EC0-301F-11D3-BF4B-00C04F79EFBC}") = "Tyuiu.ShakirovaGM.Sprint2.Task4.V19", "Tyuiu.ShakirovaGM.Sprint2.Task4.V19\Tyuiu.ShakirovaGM.Sprint2.Task4.V19.csproj", "{35A60984-98EF-4385-8BB1-7C033B477A8D}"
EndProject
Project("{FAE04EC0-301F-11D3-BF4B-00C04F79EFBC}") = "Tyuiu.ShakirovaGM.Sprint2.Task4.V19.Lib", "Tyuiu.ShakirovaGM.Sprint2.Task4.V19.Lib\Tyuiu.ShakirovaGM.Sprint2.Task4.V19.Lib.csproj", "{ED2EBBFF-C01D-46F9-9AF8-3CCF7741286D}"
EndProject
Project("{FAE04EC0-301F-11D3-BF4B-00C04F79EFBC}") = "Tyuiu.ShakirovaGM.Sprint2.Task4.V19.Test", "Tyuiu.ShakirovaGM.Sprint2.Task4.V19.Test\Tyuiu.ShakirovaGM.Sprint2.Task4.V19.Test.csproj", "{86CFED92-B8A7-4A80-8E51-5F68E74A42D5}"
EndProject
Project("{2150E333-8FDC-42A3-9474-1A3956D46DE8}") = "Task5", "Task5", "{CD55B572-1504-471E-A575-79DB62534844}"
EndProject
Project("{FAE04EC0-301F-11D3-BF4B-00C04F79EFBC}") = "Tyuiu.ShakirovaGM.Sprint2.Task5.V4", "Tyuiu.ShakirovaGM.Sprint2.Task5.V4\Tyuiu.ShakirovaGM.Sprint2.Task5.V4.csproj", "{51C25A62-B1B6-47EF-B225-9DCAC7A1F705}"
EndProject
Project("{FAE04EC0-301F-11D3-BF4B-00C04F79EFBC}") = "Tyuiu.ShakirovaGM.Sprint2.Task5.V4.Lib", "Tyuiu.ShakirovaGM.Sprint2.Task5.V4.Lib\Tyuiu.ShakirovaGM.Sprint2.Task5.V4.Lib.csproj", "{7846BF1A-A748-477B-BB78-672BE16FDF17}"
EndProject
Project("{FAE04EC0-301F-11D3-BF4B-00C04F79EFBC}") = "Tyuiu.ShakirovaGM.Sprint2.Task5.V4.Test", "Tyuiu.ShakirovaGM.Sprint2.Task5.V4.Test\Tyuiu.ShakirovaGM.Sprint2.Task5.V4.Test.csproj", "{C10FF32F-1A27-4AD8-B3F5-9FB15079E880}"
EndProject
Global
	GlobalSection(SolutionConfigurationPlatforms) = preSolution
		Debug|Any CPU = Debug|Any CPU
		Release|Any CPU = Release|Any CPU
	EndGlobalSection
	GlobalSection(ProjectConfigurationPlatforms) = postSolution
		{C656BE29-3992-4160-97EA-AB0D5492DBDF}.Debug|Any CPU.ActiveCfg = Debug|Any CPU
		{C656BE29-3992-4160-97EA-AB0D5492DBDF}.Debug|Any CPU.Build.0 = Debug|Any CPU
		{C656BE29-3992-4160-97EA-AB0D5492DBDF}.Release|Any CPU.ActiveCfg = Release|Any CPU
		{C656BE29-3992-4160-97EA-AB0D5492DBDF}.Release|Any CPU.Build.0 = Release|Any CPU
		{23D7C410-F014-44F6-BB70-1549B2BC5677}.Debug|Any CPU.ActiveCfg = Debug|Any CPU
		{23D7C410-F014-44F6-BB70-1549B2BC5677}.Debug|Any CPU.Build.0 = Debug|Any CPU
		{23D7C410-F014-44F6-BB70-1549B2BC5677}.Release|Any CPU.ActiveCfg = Release|Any CPU
		{23D7C410-F014-44F6-BB70-1549B2BC5677}.Release|Any CPU.Build.0 = Release|Any CPU
		{069743F8-28F3-4772-BB76-45B4E1A8A00C}.Debug|Any CPU.ActiveCfg = Debug|Any CPU
		{069743F8-28F3-4772-BB76-45B4E1A8A00C}.Debug|Any CPU.Build.0 = Debug|Any CPU
		{069743F8-28F3-4772-BB76-45B4E1A8A00C}.Release|Any CPU.ActiveCfg = Release|Any CPU
		{069743F8-28F3-4772-BB76-45B4E1A8A00C}.Release|Any CPU.Build.0 = Release|Any CPU
		{608CC21C-D451-4077-87FC-71E3AA7EDC58}.Debug|Any CPU.ActiveCfg = Debug|Any CPU
		{608CC21C-D451-4077-87FC-71E3AA7EDC58}.Debug|Any CPU.Build.0 = Debug|Any CPU
		{608CC21C-D451-4077-87FC-71E3AA7EDC58}.Release|Any CPU.ActiveCfg = Release|Any CPU
		{608CC21C-D451-4077-87FC-71E3AA7EDC58}.Release|Any CPU.Build.0 = Release|Any CPU
		{AB5CDBB0-528D-4095-8FAB-1154E2BC41BE}.Debug|Any CPU.ActiveCfg = Debug|Any CPU
		{AB5CDBB0-528D-4095-8FAB-1154E2BC41BE}.Debug|Any CPU.Build.0 = Debug|Any CPU
		{AB5CDBB0-528D-4095-8FAB-1154E2BC41BE}.Release|Any CPU.ActiveCfg = Release|Any CPU
		{AB5CDBB0-528D-4095-8FAB-1154E2BC41BE}.Release|Any CPU.Build.0 = Release|Any CPU
		{0BC48B35-F652-4C4C-8ABF-1E9B68882FCA}.Debug|Any CPU.ActiveCfg = Debug|Any CPU
		{0BC48B35-F652-4C4C-8ABF-1E9B68882FCA}.Debug|Any CPU.Build.0 = Debug|Any CPU
		{0BC48B35-F652-4C4C-8ABF-1E9B68882FCA}.Release|Any CPU.ActiveCfg = Release|Any CPU
		{0BC48B35-F652-4C4C-8ABF-1E9B68882FCA}.Release|Any CPU.Build.0 = Release|Any CPU
		{69706C9E-49FB-4DE5-A51A-FD32C250A3EE}.Debug|Any CPU.ActiveCfg = Debug|Any CPU
		{69706C9E-49FB-4DE5-A51A-FD32C250A3EE}.Debug|Any CPU.Build.0 = Debug|Any CPU
		{69706C9E-49FB-4DE5-A51A-FD32C250A3EE}.Release|Any CPU.ActiveCfg = Release|Any CPU
		{69706C9E-49FB-4DE5-A51A-FD32C250A3EE}.Release|Any CPU.Build.0 = Release|Any CPU
		{20B4F771-5265-453A-8389-93AA464C842E}.Debug|Any CPU.ActiveCfg = Debug|Any CPU
		{20B4F771-5265-453A-8389-93AA464C842E}.Debug|Any CPU.Build.0 = Debug|Any CPU
		{20B4F771-5265-453A-8389-93AA464C842E}.Release|Any CPU.ActiveCfg = Release|Any CPU
		{20B4F771-5265-453A-8389-93AA464C842E}.Release|Any CPU.Build.0 = Release|Any CPU
		{B2936C9F-9732-49C8-9F9F-7F343F1EC537}.Debug|Any CPU.ActiveCfg = Debug|Any CPU
		{B2936C9F-9732-49C8-9F9F-7F343F1EC537}.Debug|Any CPU.Build.0 = Debug|Any CPU
		{B2936C9F-9732-49C8-9F9F-7F343F1EC537}.Release|Any CPU.ActiveCfg = Release|Any CPU
		{B2936C9F-9732-49C8-9F9F-7F343F1EC537}.Release|Any CPU.Build.0 = Release|Any CPU
		{92F1397E-12D4-49CA-B460-D0F3F3152413}.Debug|Any CPU.ActiveCfg = Debug|Any CPU
		{92F1397E-12D4-49CA-B460-D0F3F3152413}.Debug|Any CPU.Build.0 = Debug|Any CPU
		{92F1397E-12D4-49CA-B460-D0F3F3152413}.Release|Any CPU.ActiveCfg = Release|Any CPU
		{92F1397E-12D4-49CA-B460-D0F3F3152413}.Release|Any CPU.Build.0 = Release|Any CPU
		{1083DD37-D45E-4FD3-B282-A46EA7E2BE07}.Debug|Any CPU.ActiveCfg = Debug|Any CPU
		{1083DD37-D45E-4FD3-B282-A46EA7E2BE07}.Debug|Any CPU.Build.0 = Debug|Any CPU
		{1083DD37-D45E-4FD3-B282-A46EA7E2BE07}.Release|Any CPU.ActiveCfg = Release|Any CPU
		{1083DD37-D45E-4FD3-B282-A46EA7E2BE07}.Release|Any CPU.Build.0 = Release|Any CPU
		{B9395F76-7D35-4594-BEF1-260F43ED721A}.Debug|Any CPU.ActiveCfg = Debug|Any CPU
		{B9395F76-7D35-4594-BEF1-260F43ED721A}.Debug|Any CPU.Build.0 = Debug|Any CPU
		{B9395F76-7D35-4594-BEF1-260F43ED721A}.Release|Any CPU.ActiveCfg = Release|Any CPU
		{B9395F76-7D35-4594-BEF1-260F43ED721A}.Release|Any CPU.Build.0 = Release|Any CPU
		{35A60984-98EF-4385-8BB1-7C033B477A8D}.Debug|Any CPU.ActiveCfg = Debug|Any CPU
		{35A60984-98EF-4385-8BB1-7C033B477A8D}.Debug|Any CPU.Build.0 = Debug|Any CPU
		{35A60984-98EF-4385-8BB1-7C033B477A8D}.Release|Any CPU.ActiveCfg = Release|Any CPU
		{35A60984-98EF-4385-8BB1-7C033B477A8D}.Release|Any CPU.Build.0 = Release|Any CPU
		{ED2EBBFF-C01D-46F9-9AF8-3CCF7741286D}.Debug|Any CPU.ActiveCfg = Debug|Any CPU
		{ED2EBBFF-C01D-46F9-9AF8-3CCF7741286D}.Debug|Any CPU.Build.0 = Debug|Any CPU
		{ED2EBBFF-C01D-46F9-9AF8-3CCF7741286D}.Release|Any CPU.ActiveCfg = Release|Any CPU
		{ED2EBBFF-C01D-46F9-9AF8-3CCF7741286D}.Release|Any CPU.Build.0 = Release|Any CPU
		{86CFED92-B8A7-4A80-8E51-5F68E74A42D5}.Debug|Any CPU.ActiveCfg = Debug|Any CPU
		{86CFED92-B8A7-4A80-8E51-5F68E74A42D5}.Debug|Any CPU.Build.0 = Debug|Any CPU
		{86CFED92-B8A7-4A80-8E51-5F68E74A42D5}.Release|Any CPU.ActiveCfg = Release|Any CPU
		{86CFED92-B8A7-4A80-8E51-5F68E74A42D5}.Release|Any CPU.Build.0 = Release|Any CPU
		{51C25A62-B1B6-47EF-B225-9DCAC7A1F705}.Debug|Any CPU.ActiveCfg = Debug|Any CPU
		{51C25A62-B1B6-47EF-B225-9DCAC7A1F705}.Debug|Any CPU.Build.0 = Debug|Any CPU
		{51C25A62-B1B6-47EF-B225-9DCAC7A1F705}.Release|Any CPU.ActiveCfg = Release|Any CPU
		{51C25A62-B1B6-47EF-B225-9DCAC7A1F705}.Release|Any CPU.Build.0 = Release|Any CPU
		{7846BF1A-A748-477B-BB78-672BE16FDF17}.Debug|Any CPU.ActiveCfg = Debug|Any CPU
		{7846BF1A-A748-477B-BB78-672BE16FDF17}.Debug|Any CPU.Build.0 = Debug|Any CPU
		{7846BF1A-A748-477B-BB78-672BE16FDF17}.Release|Any CPU.ActiveCfg = Release|Any CPU
		{7846BF1A-A748-477B-BB78-672BE16FDF17}.Release|Any CPU.Build.0 = Release|Any CPU
		{C10FF32F-1A27-4AD8-B3F5-9FB15079E880}.Debug|Any CPU.ActiveCfg = Debug|Any CPU
		{C10FF32F-1A27-4AD8-B3F5-9FB15079E880}.Debug|Any CPU.Build.0 = Debug|Any CPU
		{C10FF32F-1A27-4AD8-B3F5-9FB15079E880}.Release|Any CPU.ActiveCfg = Release|Any CPU
		{C10FF32F-1A27-4AD8-B3F5-9FB15079E880}.Release|Any CPU.Build.0 = Release|Any CPU
	EndGlobalSection
	GlobalSection(SolutionProperties) = preSolution
		HideSolutionNode = FALSE
	EndGlobalSection
	GlobalSection(NestedProjects) = preSolution
		{C656BE29-3992-4160-97EA-AB0D5492DBDF} = {73866B3F-C886-4EC1-ACB8-DC724FDE3B56}
		{23D7C410-F014-44F6-BB70-1549B2BC5677} = {73866B3F-C886-4EC1-ACB8-DC724FDE3B56}
		{069743F8-28F3-4772-BB76-45B4E1A8A00C} = {73866B3F-C886-4EC1-ACB8-DC724FDE3B56}
		{608CC21C-D451-4077-87FC-71E3AA7EDC58} = {D163B201-F4C8-4E92-9588-7BD7EB178542}
		{AB5CDBB0-528D-4095-8FAB-1154E2BC41BE} = {D163B201-F4C8-4E92-9588-7BD7EB178542}
		{0BC48B35-F652-4C4C-8ABF-1E9B68882FCA} = {D163B201-F4C8-4E92-9588-7BD7EB178542}
		{69706C9E-49FB-4DE5-A51A-FD32C250A3EE} = {70F9B74B-ABD4-4683-B0B0-1C6723827BB6}
		{20B4F771-5265-453A-8389-93AA464C842E} = {70F9B74B-ABD4-4683-B0B0-1C6723827BB6}
		{B2936C9F-9732-49C8-9F9F-7F343F1EC537} = {70F9B74B-ABD4-4683-B0B0-1C6723827BB6}
		{92F1397E-12D4-49CA-B460-D0F3F3152413} = {A1D95529-623F-4438-8A32-68DE6223DDEA}
		{1083DD37-D45E-4FD3-B282-A46EA7E2BE07} = {A1D95529-623F-4438-8A32-68DE6223DDEA}
		{B9395F76-7D35-4594-BEF1-260F43ED721A} = {A1D95529-623F-4438-8A32-68DE6223DDEA}
		{35A60984-98EF-4385-8BB1-7C033B477A8D} = {93BFCDCD-4072-4334-B31E-FF50942CD118}
		{ED2EBBFF-C01D-46F9-9AF8-3CCF7741286D} = {93BFCDCD-4072-4334-B31E-FF50942CD118}
		{86CFED92-B8A7-4A80-8E51-5F68E74A42D5} = {93BFCDCD-4072-4334-B31E-FF50942CD118}
		{51C25A62-B1B6-47EF-B225-9DCAC7A1F705} = {CD55B572-1504-471E-A575-79DB62534844}
		{7846BF1A-A748-477B-BB78-672BE16FDF17} = {CD55B572-1504-471E-A575-79DB62534844}
		{C10FF32F-1A27-4AD8-B3F5-9FB15079E880} = {CD55B572-1504-471E-A575-79DB62534844}
	EndGlobalSection
	GlobalSection(ExtensibilityGlobals) = postSolution
		SolutionGuid = {30A15949-7368-4C9F-85C1-E4ECE741E980}
	EndGlobalSection
EndGlobal
